
Microsoft Visual Studio Solution File, Format Version 12.00
# Visual Studio 15
VisualStudioVersion = 15.0.26730.15
MinimumVisualStudioVersion = 10.0.40219.1
Project("{9A19103F-16F7-4668-BE54-9A1E7A4F7556}") = "DataStore", "DataStore\DataStore.csproj", "{B0716E9C-C793-436B-AA53-B8AAEC568694}"
EndProject
Project("{9A19103F-16F7-4668-BE54-9A1E7A4F7556}") = "DataObjects", "DataObjects\DataObjects.csproj", "{304EA6E0-C04A-4BA7-8529-2A0E5AE2253C}"
EndProject
Project("{FAE04EC0-301F-11D3-BF4B-00C04F79EFBC}") = "DataStoreNet4", "DataStoreNet4\DataStoreNet4.csproj", "{C9384D6B-E2FF-4D8B-9E89-F57A4B900E9C}"
EndProject
Project("{9A19103F-16F7-4668-BE54-9A1E7A4F7556}") = "SharedMemoryStorage", "SharedMemoryStorage\SharedMemoryStorage.csproj", "{CA606CCA-57EC-4365-8746-EBF42F25DE13}"
EndProject
Project("{FAE04EC0-301F-11D3-BF4B-00C04F79EFBC}") = "SharedMemoryStoreNet4", "SharedMemoryStoreNet4\SharedMemoryStoreNet4.csproj", "{3A9CE79B-FEA9-495C-86D6-D2FBD68383FA}"
EndProject
Global
	GlobalSection(SolutionConfigurationPlatforms) = preSolution
		Debug|Any CPU = Debug|Any CPU
		Release|Any CPU = Release|Any CPU
	EndGlobalSection
	GlobalSection(ProjectConfigurationPlatforms) = postSolution
		{B0716E9C-C793-436B-AA53-B8AAEC568694}.Debug|Any CPU.ActiveCfg = Debug|Any CPU
		{B0716E9C-C793-436B-AA53-B8AAEC568694}.Debug|Any CPU.Build.0 = Debug|Any CPU
		{B0716E9C-C793-436B-AA53-B8AAEC568694}.Release|Any CPU.ActiveCfg = Release|Any CPU
		{B0716E9C-C793-436B-AA53-B8AAEC568694}.Release|Any CPU.Build.0 = Release|Any CPU
		{304EA6E0-C04A-4BA7-8529-2A0E5AE2253C}.Debug|Any CPU.ActiveCfg = Debug|Any CPU
		{304EA6E0-C04A-4BA7-8529-2A0E5AE2253C}.Debug|Any CPU.Build.0 = Debug|Any CPU
		{304EA6E0-C04A-4BA7-8529-2A0E5AE2253C}.Release|Any CPU.ActiveCfg = Release|Any CPU
		{304EA6E0-C04A-4BA7-8529-2A0E5AE2253C}.Release|Any CPU.Build.0 = Release|Any CPU
		{C9384D6B-E2FF-4D8B-9E89-F57A4B900E9C}.Debug|Any CPU.ActiveCfg = Debug|Any CPU
		{C9384D6B-E2FF-4D8B-9E89-F57A4B900E9C}.Debug|Any CPU.Build.0 = Debug|Any CPU
		{C9384D6B-E2FF-4D8B-9E89-F57A4B900E9C}.Release|Any CPU.ActiveCfg = Release|Any CPU
		{C9384D6B-E2FF-4D8B-9E89-F57A4B900E9C}.Release|Any CPU.Build.0 = Release|Any CPU
		{CA606CCA-57EC-4365-8746-EBF42F25DE13}.Debug|Any CPU.ActiveCfg = Debug|Any CPU
		{CA606CCA-57EC-4365-8746-EBF42F25DE13}.Debug|Any CPU.Build.0 = Debug|Any CPU
		{CA606CCA-57EC-4365-8746-EBF42F25DE13}.Release|Any CPU.ActiveCfg = Release|Any CPU
		{CA606CCA-57EC-4365-8746-EBF42F25DE13}.Release|Any CPU.Build.0 = Release|Any CPU
		{3A9CE79B-FEA9-495C-86D6-D2FBD68383FA}.Debug|Any CPU.ActiveCfg = Debug|Any CPU
		{3A9CE79B-FEA9-495C-86D6-D2FBD68383FA}.Debug|Any CPU.Build.0 = Debug|Any CPU
		{3A9CE79B-FEA9-495C-86D6-D2FBD68383FA}.Release|Any CPU.ActiveCfg = Release|Any CPU
		{3A9CE79B-FEA9-495C-86D6-D2FBD68383FA}.Release|Any CPU.Build.0 = Release|Any CPU
	EndGlobalSection
	GlobalSection(SolutionProperties) = preSolution
		HideSolutionNode = FALSE
	EndGlobalSection
	GlobalSection(ExtensibilityGlobals) = postSolution
		SolutionGuid = {ABC3FD51-009F-4AA9-A3C3-5E528376E4AB}
	EndGlobalSection
EndGlobal
